
Microsoft Visual Studio Solution File, Format Version 12.00
# Visual Studio Version 17
VisualStudioVersion = 17.0.31903.59
MinimumVisualStudioVersion = 10.0.40219.1
Project("{FAE04EC0-301F-11D3-BF4B-00C04F79EFBC}") = "VsaProject", "VsaProject\VsaProject.csproj", "{5659C03D-ADF2-48E6-9D64-F7DE3450E878}"
EndProject
Project("{FAE04EC0-301F-11D3-BF4B-00C04F79EFBC}") = "VsaProject.Api", "VsaProject.Api\VsaProject.Api.csproj", "{D1EE9592-0178-47BE-B40B-D709369C3D31}"
EndProject
Global
	GlobalSection(SolutionConfigurationPlatforms) = preSolution
		Debug|Any CPU = Debug|Any CPU
		Release|Any CPU = Release|Any CPU
	EndGlobalSection
	GlobalSection(SolutionProperties) = preSolution
		HideSolutionNode = FALSE
	EndGlobalSection
	GlobalSection(ProjectConfigurationPlatforms) = postSolution
		{5659C03D-ADF2-48E6-9D64-F7DE3450E878}.Debug|Any CPU.ActiveCfg = Debug|Any CPU
		{5659C03D-ADF2-48E6-9D64-F7DE3450E878}.Debug|Any CPU.Build.0 = Debug|Any CPU
		{5659C03D-ADF2-48E6-9D64-F7DE3450E878}.Release|Any CPU.ActiveCfg = Release|Any CPU
		{5659C03D-ADF2-48E6-9D64-F7DE3450E878}.Release|Any CPU.Build.0 = Release|Any CPU
		{D1EE9592-0178-47BE-B40B-D709369C3D31}.Debug|Any CPU.ActiveCfg = Debug|Any CPU
		{D1EE9592-0178-47BE-B40B-D709369C3D31}.Debug|Any CPU.Build.0 = Debug|Any CPU
		{D1EE9592-0178-47BE-B40B-D709369C3D31}.Release|Any CPU.ActiveCfg = Release|Any CPU
		{D1EE9592-0178-47BE-B40B-D709369C3D31}.Release|Any CPU.Build.0 = Release|Any CPU
	EndGlobalSection
EndGlobal
